
Microsoft Visual Studio Solution File, Format Version 12.00
# Visual Studio Version 17
VisualStudioVersion = 17.11.35327.3
MinimumVisualStudioVersion = 10.0.40219.1
Project("{FAE04EC0-301F-11D3-BF4B-00C04F79EFBC}") = "MyLibrary", "MyLibrary\MyLibrary.csproj", "{C7E3A42E-AD62-4B61-A6E0-EBB24C6F4474}"
EndProject
Project("{FAE04EC0-301F-11D3-BF4B-00C04F79EFBC}") = "ConsoleApp", "ConsoleApp\ConsoleApp.csproj", "{5B0EE91A-5956-4356-8703-6CB2F878F1FF}"
EndProject
Global
	GlobalSection(SolutionConfigurationPlatforms) = preSolution
		Debug|Any CPU = Debug|Any CPU
		Release|Any CPU = Release|Any CPU
	EndGlobalSection
	GlobalSection(ProjectConfigurationPlatforms) = postSolution
		{C7E3A42E-AD62-4B61-A6E0-EBB24C6F4474}.Debug|Any CPU.ActiveCfg = Debug|Any CPU
		{C7E3A42E-AD62-4B61-A6E0-EBB24C6F4474}.Debug|Any CPU.Build.0 = Debug|Any CPU
		{C7E3A42E-AD62-4B61-A6E0-EBB24C6F4474}.Release|Any CPU.ActiveCfg = Release|Any CPU
		{C7E3A42E-AD62-4B61-A6E0-EBB24C6F4474}.Release|Any CPU.Build.0 = Release|Any CPU
		{5B0EE91A-5956-4356-8703-6CB2F878F1FF}.Debug|Any CPU.ActiveCfg = Debug|Any CPU
		{5B0EE91A-5956-4356-8703-6CB2F878F1FF}.Debug|Any CPU.Build.0 = Debug|Any CPU
		{5B0EE91A-5956-4356-8703-6CB2F878F1FF}.Release|Any CPU.ActiveCfg = Release|Any CPU
		{5B0EE91A-5956-4356-8703-6CB2F878F1FF}.Release|Any CPU.Build.0 = Release|Any CPU
	EndGlobalSection
	GlobalSection(SolutionProperties) = preSolution
		HideSolutionNode = FALSE
	EndGlobalSection
	GlobalSection(ExtensibilityGlobals) = postSolution
		SolutionGuid = {F6AAEA57-E332-49C1-93FE-3D1F4EFA9464}
	EndGlobalSection
EndGlobal
